
Microsoft Visual Studio Solution File, Format Version 12.00
# Visual Studio Version 16
VisualStudioVersion = 16.0.32002.261
MinimumVisualStudioVersion = 10.0.40219.1
Project("{FAE04EC0-301F-11D3-BF4B-00C04F79EFBC}") = "AttributeReadingWithReflection", "AttributeReadingWithReflection\AttributeReadingWithReflection.csproj", "{57E31C23-5DD0-49DF-BD7F-13CB906282F9}"
EndProject
Global
	GlobalSection(SolutionConfigurationPlatforms) = preSolution
		Debug|Any CPU = Debug|Any CPU
		Release|Any CPU = Release|Any CPU
	EndGlobalSection
	GlobalSection(ProjectConfigurationPlatforms) = postSolution
		{57E31C23-5DD0-49DF-BD7F-13CB906282F9}.Debug|Any CPU.ActiveCfg = Debug|Any CPU
		{57E31C23-5DD0-49DF-BD7F-13CB906282F9}.Debug|Any CPU.Build.0 = Debug|Any CPU
		{57E31C23-5DD0-49DF-BD7F-13CB906282F9}.Release|Any CPU.ActiveCfg = Release|Any CPU
		{57E31C23-5DD0-49DF-BD7F-13CB906282F9}.Release|Any CPU.Build.0 = Release|Any CPU
	EndGlobalSection
	GlobalSection(SolutionProperties) = preSolution
		HideSolutionNode = FALSE
	EndGlobalSection
	GlobalSection(ExtensibilityGlobals) = postSolution
		SolutionGuid = {CC56DF6C-E333-40CC-ABF3-399131558B32}
	EndGlobalSection
EndGlobal
